// !$*UTF8*$!
{
	archiveVersion = 1;
	classes = {
	};
	objectVersion = 46;
	objects = {

/* Begin PBXBuildFile section */
		B1101EFE1A20DD8F00BE81FB /* main.m in Sources */ = {isa = PBXBuildFile; fileRef = B1101EFD1A20DD8F00BE81FB /* main.m */; };
		B1101F011A20DD8F00BE81FB /* AppDelegate.m in Sources */ = {isa = PBXBuildFile; fileRef = B1101F001A20DD8F00BE81FB /* AppDelegate.m */; };
		B1101F071A20DD8F00BE81FB /* Main.storyboard in Resources */ = {isa = PBXBuildFile; fileRef = B1101F051A20DD8F00BE81FB /* Main.storyboard */; };
		B1101F091A20DD8F00BE81FB /* Images.xcassets in Resources */ = {isa = PBXBuildFile; fileRef = B1101F081A20DD8F00BE81FB /* Images.xcassets */; };
		B1101F0C1A20DD8F00BE81FB /* LaunchScreen.xib in Resources */ = {isa = PBXBuildFile; fileRef = B1101F0A1A20DD8F00BE81FB /* LaunchScreen.xib */; };
		B1101F181A20DD9000BE81FB /* CONEBU_Mobile_AppTests.m in Sources */ = {isa = PBXBuildFile; fileRef = B1101F171A20DD9000BE81FB /* CONEBU_Mobile_AppTests.m */; };
		B1101F221A20DF9E00BE81FB /* sello.png in Resources */ = {isa = PBXBuildFile; fileRef = B1101F211A20DF9E00BE81FB /* sello.png */; };
		B1101F241A20E62100BE81FB /* Logo.png in Resources */ = {isa = PBXBuildFile; fileRef = B1101F231A20E62100BE81FB /* Logo.png */; };
		EB3436A11A2B81B600EE3427 /* Detail_Grupo_View_Controller.m in Sources */ = {isa = PBXBuildFile; fileRef = EB3436A01A2B81B600EE3427 /* Detail_Grupo_View_Controller.m */; };
		EB3436A91A2BC67400EE3427 /* Login_ViewController.m in Sources */ = {isa = PBXBuildFile; fileRef = EB3436A81A2BC67400EE3427 /* Login_ViewController.m */; };
		EB55E9FB1A2AD5F800A9F67C /* Grupos.m in Sources */ = {isa = PBXBuildFile; fileRef = EB55E9FA1A2AD5F800A9F67C /* Grupos.m */; };
		EB55E9FE1A2AE91300A9F67C /* HomeModel.m in Sources */ = {isa = PBXBuildFile; fileRef = EB55E9FD1A2AE91300A9F67C /* HomeModel.m */; };
		EB55EA011A2AED5200A9F67C /* Grupos_VIew_Controller.m in Sources */ = {isa = PBXBuildFile; fileRef = EB55EA001A2AED5200A9F67C /* Grupos_VIew_Controller.m */; };
		EB57CB301A2CC0AE0065E98C /* PrincipalMenu_ViewController.m in Sources */ = {isa = PBXBuildFile; fileRef = EB57CB2F1A2CC0AE0065E98C /* PrincipalMenu_ViewController.m */; };
		EB57CB351A2CF4390065E98C /* Horarios.m in Sources */ = {isa = PBXBuildFile; fileRef = EB57CB341A2CF4390065E98C /* Horarios.m */; };
		EB57CB381A2CF4970065E98C /* HomeModelH.m in Sources */ = {isa = PBXBuildFile; fileRef = EB57CB371A2CF4970065E98C /* HomeModelH.m */; };
		EB57CB3B1A2CF6EA0065E98C /* Horarios_View_Controller.m in Sources */ = {isa = PBXBuildFile; fileRef = EB57CB3A1A2CF6EA0065E98C /* Horarios_View_Controller.m */; };
/* End PBXBuildFile section */

/* Begin PBXContainerItemProxy section */
		B1101F121A20DD9000BE81FB /* PBXContainerItemProxy */ = {
			isa = PBXContainerItemProxy;
			containerPortal = B1101EF01A20DD8F00BE81FB /* Project object */;
			proxyType = 1;
			remoteGlobalIDString = B1101EF71A20DD8F00BE81FB;
			remoteInfo = "CONEBU Mobile App";
		};
/* End PBXContainerItemProxy section */

/* Begin PBXFileReference section */
		B1101EF81A20DD8F00BE81FB /* CONEBU Mobile App.app */ = {isa = PBXFileReference; explicitFileType = wrapper.application; includeInIndex = 0; path = "CONEBU Mobile App.app"; sourceTree = BUILT_PRODUCTS_DIR; };
		B1101EFC1A20DD8F00BE81FB /* Info.plist */ = {isa = PBXFileReference; lastKnownFileType = text.plist.xml; path = Info.plist; sourceTree = "<group>"; };
		B1101EFD1A20DD8F00BE81FB /* main.m */ = {isa = PBXFileReference; lastKnownFileType = sourcecode.c.objc; path = main.m; sourceTree = "<group>"; };
		B1101EFF1A20DD8F00BE81FB /* AppDelegate.h */ = {isa = PBXFileReference; lastKnownFileType = sourcecode.c.h; path = AppDelegate.h; sourceTree = "<group>"; };
		B1101F001A20DD8F00BE81FB /* AppDelegate.m */ = {isa = PBXFileReference; lastKnownFileType = sourcecode.c.objc; path = AppDelegate.m; sourceTree = "<group>"; };
		B1101F061A20DD8F00BE81FB /* Base */ = {isa = PBXFileReference; lastKnownFileType = file.storyboard; name = Base; path = Base.lproj/Main.storyboard; sourceTree = "<group>"; };
		B1101F081A20DD8F00BE81FB /* Images.xcassets */ = {isa = PBXFileReference; lastKnownFileType = folder.assetcatalog; path = Images.xcassets; sourceTree = "<group>"; };
		B1101F0B1A20DD8F00BE81FB /* Base */ = {isa = PBXFileReference; lastKnownFileType = file.xib; name = Base; path = Base.lproj/LaunchScreen.xib; sourceTree = "<group>"; };
		B1101F111A20DD9000BE81FB /* CONEBU Mobile AppTests.xctest */ = {isa = PBXFileReference; explicitFileType = wrapper.cfbundle; includeInIndex = 0; path = "CONEBU Mobile AppTests.xctest"; sourceTree = BUILT_PRODUCTS_DIR; };
		B1101F161A20DD9000BE81FB /* Info.plist */ = {isa = PBXFileReference; lastKnownFileType = text.plist.xml; path = Info.plist; sourceTree = "<group>"; };
		B1101F171A20DD9000BE81FB /* CONEBU_Mobile_AppTests.m */ = {isa = PBXFileReference; lastKnownFileType = sourcecode.c.objc; path = CONEBU_Mobile_AppTests.m; sourceTree = "<group>"; };
		B1101F211A20DF9E00BE81FB /* sello.png */ = {isa = PBXFileReference; lastKnownFileType = image.png; path = sello.png; sourceTree = "<group>"; };
		B1101F231A20E62100BE81FB /* Logo.png */ = {isa = PBXFileReference; lastKnownFileType = image.png; path = Logo.png; sourceTree = "<group>"; };
		EB34369F1A2B81B600EE3427 /* Detail_Grupo_View_Controller.h */ = {isa = PBXFileReference; fileEncoding = 4; lastKnownFileType = sourcecode.c.h; path = Detail_Grupo_View_Controller.h; sourceTree = "<group>"; };
		EB3436A01A2B81B600EE3427 /* Detail_Grupo_View_Controller.m */ = {isa = PBXFileReference; fileEncoding = 4; lastKnownFileType = sourcecode.c.objc; path = Detail_Grupo_View_Controller.m; sourceTree = "<group>"; };
		EB3436A71A2BC67400EE3427 /* Login_ViewController.h */ = {isa = PBXFileReference; fileEncoding = 4; lastKnownFileType = sourcecode.c.h; path = Login_ViewController.h; sourceTree = "<group>"; };
		EB3436A81A2BC67400EE3427 /* Login_ViewController.m */ = {isa = PBXFileReference; fileEncoding = 4; lastKnownFileType = sourcecode.c.objc; path = Login_ViewController.m; sourceTree = "<group>"; };
		EB55E9F91A2AD5F800A9F67C /* Grupos.h */ = {isa = PBXFileReference; fileEncoding = 4; lastKnownFileType = sourcecode.c.h; path = Grupos.h; sourceTree = "<group>"; };
		EB55E9FA1A2AD5F800A9F67C /* Grupos.m */ = {isa = PBXFileReference; fileEncoding = 4; lastKnownFileType = sourcecode.c.objc; path = Grupos.m; sourceTree = "<group>"; };
		EB55E9FC1A2AE91300A9F67C /* HomeModel.h */ = {isa = PBXFileReference; fileEncoding = 4; lastKnownFileType = sourcecode.c.h; path = HomeModel.h; sourceTree = "<group>"; };
		EB55E9FD1A2AE91300A9F67C /* HomeModel.m */ = {isa = PBXFileReference; fileEncoding = 4; lastKnownFileType = sourcecode.c.objc; path = HomeModel.m; sourceTree = "<group>"; };
		EB55E9FF1A2AED5200A9F67C /* Grupos_VIew_Controller.h */ = {isa = PBXFileReference; fileEncoding = 4; lastKnownFileType = sourcecode.c.h; path = Grupos_VIew_Controller.h; sourceTree = "<group>"; };
		EB55EA001A2AED5200A9F67C /* Grupos_VIew_Controller.m */ = {isa = PBXFileReference; fileEncoding = 4; lastKnownFileType = sourcecode.c.objc; path = Grupos_VIew_Controller.m; sourceTree = "<group>"; };
		EB57CB2E1A2CC0AE0065E98C /* PrincipalMenu_ViewController.h */ = {isa = PBXFileReference; fileEncoding = 4; lastKnownFileType = sourcecode.c.h; path = PrincipalMenu_ViewController.h; sourceTree = "<group>"; };
		EB57CB2F1A2CC0AE0065E98C /* PrincipalMenu_ViewController.m */ = {isa = PBXFileReference; fileEncoding = 4; lastKnownFileType = sourcecode.c.objc; path = PrincipalMenu_ViewController.m; sourceTree = "<group>"; };
		EB57CB331A2CF4390065E98C /* Horarios.h */ = {isa = PBXFileReference; fileEncoding = 4; lastKnownFileType = sourcecode.c.h; path = Horarios.h; sourceTree = "<group>"; };
		EB57CB341A2CF4390065E98C /* Horarios.m */ = {isa = PBXFileReference; fileEncoding = 4; lastKnownFileType = sourcecode.c.objc; path = Horarios.m; sourceTree = "<group>"; };
		EB57CB361A2CF4970065E98C /* HomeModelH.h */ = {isa = PBXFileReference; fileEncoding = 4; lastKnownFileType = sourcecode.c.h; path = HomeModelH.h; sourceTree = "<group>"; };
		EB57CB371A2CF4970065E98C /* HomeModelH.m */ = {isa = PBXFileReference; fileEncoding = 4; lastKnownFileType = sourcecode.c.objc; path = HomeModelH.m; sourceTree = "<group>"; };
		EB57CB391A2CF6EA0065E98C /* Horarios_View_Controller.h */ = {isa = PBXFileReference; fileEncoding = 4; lastKnownFileType = sourcecode.c.h; path = Horarios_View_Controller.h; sourceTree = "<group>"; };
		EB57CB3A1A2CF6EA0065E98C /* Horarios_View_Controller.m */ = {isa = PBXFileReference; fileEncoding = 4; lastKnownFileType = sourcecode.c.objc; path = Horarios_View_Controller.m; sourceTree = "<group>"; };
/* End PBXFileReference section */

/* Begin PBXFrameworksBuildPhase section */
		B1101EF51A20DD8F00BE81FB /* Frameworks */ = {
			isa = PBXFrameworksBuildPhase;
			buildActionMask = 2147483647;
			files = (
			);
			runOnlyForDeploymentPostprocessing = 0;
		};
		B1101F0E1A20DD9000BE81FB /* Frameworks */ = {
			isa = PBXFrameworksBuildPhase;
			buildActionMask = 2147483647;
			files = (
			);
			runOnlyForDeploymentPostprocessing = 0;
		};
/* End PBXFrameworksBuildPhase section */

/* Begin PBXGroup section */
		B1101EEF1A20DD8F00BE81FB = {
			isa = PBXGroup;
			children = (
				B1101EFA1A20DD8F00BE81FB /* CONEBU Mobile App */,
				B1101F141A20DD9000BE81FB /* CONEBU Mobile AppTests */,
				B1101EF91A20DD8F00BE81FB /* Products */,
			);
			sourceTree = "<group>";
		};
		B1101EF91A20DD8F00BE81FB /* Products */ = {
			isa = PBXGroup;
			children = (
				B1101EF81A20DD8F00BE81FB /* CONEBU Mobile App.app */,
				B1101F111A20DD9000BE81FB /* CONEBU Mobile AppTests.xctest */,
			);
			name = Products;
			sourceTree = "<group>";
		};
		B1101EFA1A20DD8F00BE81FB /* CONEBU Mobile App */ = {
			isa = PBXGroup;
			children = (
				EB3436A61A2BC64900EE3427 /* Login */,
				EB55E9F51A2AD5B100A9F67C /* Clases_Grupos_View_Controller */,
				B1101F211A20DF9E00BE81FB /* sello.png */,
				B1101F231A20E62100BE81FB /* Logo.png */,
				B1101EFF1A20DD8F00BE81FB /* AppDelegate.h */,
				B1101F001A20DD8F00BE81FB /* AppDelegate.m */,
				B1101F051A20DD8F00BE81FB /* Main.storyboard */,
				B1101F081A20DD8F00BE81FB /* Images.xcassets */,
				B1101F0A1A20DD8F00BE81FB /* LaunchScreen.xib */,
				B1101EFB1A20DD8F00BE81FB /* Supporting Files */,
			);
			path = "CONEBU Mobile App";
			sourceTree = "<group>";
		};
		B1101EFB1A20DD8F00BE81FB /* Supporting Files */ = {
			isa = PBXGroup;
			children = (
				B1101EFC1A20DD8F00BE81FB /* Info.plist */,
				B1101EFD1A20DD8F00BE81FB /* main.m */,
			);
			name = "Supporting Files";
			sourceTree = "<group>";
		};
		B1101F141A20DD9000BE81FB /* CONEBU Mobile AppTests */ = {
			isa = PBXGroup;
			children = (
				B1101F171A20DD9000BE81FB /* CONEBU_Mobile_AppTests.m */,
				B1101F151A20DD9000BE81FB /* Supporting Files */,
			);
			path = "CONEBU Mobile AppTests";
			sourceTree = "<group>";
		};
		B1101F151A20DD9000BE81FB /* Supporting Files */ = {
			isa = PBXGroup;
			children = (
				B1101F161A20DD9000BE81FB /* Info.plist */,
			);
			name = "Supporting Files";
			sourceTree = "<group>";
		};
		EB3436A61A2BC64900EE3427 /* Login */ = {
			isa = PBXGroup;
			children = (
				EB3436A71A2BC67400EE3427 /* Login_ViewController.h */,
				EB3436A81A2BC67400EE3427 /* Login_ViewController.m */,
				EB57CB2E1A2CC0AE0065E98C /* PrincipalMenu_ViewController.h */,
				EB57CB2F1A2CC0AE0065E98C /* PrincipalMenu_ViewController.m */,
			);
			name = Login;
			sourceTree = "<group>";
		};
		EB55E9F51A2AD5B100A9F67C /* Clases_Grupos_View_Controller */ = {
			isa = PBXGroup;
			children = (
				EB57CB321A2CF3E00065E98C /* Grupos Table View */,
				EB57CB311A2CF3CC0065E98C /* Horarios */,
			);
			name = Clases_Grupos_View_Controller;
			sourceTree = "<group>";
		};
		EB57CB311A2CF3CC0065E98C /* Horarios */ = {
			isa = PBXGroup;
			children = (
				EB57CB331A2CF4390065E98C /* Horarios.h */,
				EB57CB341A2CF4390065E98C /* Horarios.m */,
				EB57CB361A2CF4970065E98C /* HomeModelH.h */,
				EB57CB371A2CF4970065E98C /* HomeModelH.m */,
				EB57CB391A2CF6EA0065E98C /* Horarios_View_Controller.h */,
				EB57CB3A1A2CF6EA0065E98C /* Horarios_View_Controller.m */,
			);
			name = Horarios;
			sourceTree = "<group>";
		};
		EB57CB321A2CF3E00065E98C /* Grupos Table View */ = {
			isa = PBXGroup;
			children = (
				EB34369F1A2B81B600EE3427 /* Detail_Grupo_View_Controller.h */,
				EB3436A01A2B81B600EE3427 /* Detail_Grupo_View_Controller.m */,
				EB55E9FF1A2AED5200A9F67C /* Grupos_VIew_Controller.h */,
				EB55EA001A2AED5200A9F67C /* Grupos_VIew_Controller.m */,
				EB55E9F91A2AD5F800A9F67C /* Grupos.h */,
				EB55E9FA1A2AD5F800A9F67C /* Grupos.m */,
				EB55E9FC1A2AE91300A9F67C /* HomeModel.h */,
				EB55E9FD1A2AE91300A9F67C /* HomeModel.m */,
			);
			name = "Grupos Table View";
			sourceTree = "<group>";
		};
/* End PBXGroup section */

/* Begin PBXNativeTarget section */
		B1101EF71A20DD8F00BE81FB /* CONEBU Mobile App */ = {
			isa = PBXNativeTarget;
			buildConfigurationList = B1101F1B1A20DD9000BE81FB /* Build configuration list for PBXNativeTarget "CONEBU Mobile App" */;
			buildPhases = (
				B1101EF41A20DD8F00BE81FB /* Sources */,
				B1101EF51A20DD8F00BE81FB /* Frameworks */,
				B1101EF61A20DD8F00BE81FB /* Resources */,
			);
			buildRules = (
			);
			dependencies = (
			);
			name = "CONEBU Mobile App";
			productName = "CONEBU Mobile App";
			productReference = B1101EF81A20DD8F00BE81FB /* CONEBU Mobile App.app */;
			productType = "com.apple.product-type.application";
		};
		B1101F101A20DD9000BE81FB /* CONEBU Mobile AppTests */ = {
			isa = PBXNativeTarget;
			buildConfigurationList = B1101F1E1A20DD9000BE81FB /* Build configuration list for PBXNativeTarget "CONEBU Mobile AppTests" */;
			buildPhases = (
				B1101F0D1A20DD9000BE81FB /* Sources */,
				B1101F0E1A20DD9000BE81FB /* Frameworks */,
				B1101F0F1A20DD9000BE81FB /* Resources */,
			);
			buildRules = (
			);
			dependencies = (
				B1101F131A20DD9000BE81FB /* PBXTargetDependency */,
			);
			name = "CONEBU Mobile AppTests";
			productName = "CONEBU Mobile AppTests";
			productReference = B1101F111A20DD9000BE81FB /* CONEBU Mobile AppTests.xctest */;
			productType = "com.apple.product-type.bundle.unit-test";
		};
/* End PBXNativeTarget section */

/* Begin PBXProject section */
		B1101EF01A20DD8F00BE81FB /* Project object */ = {
			isa = PBXProject;
			attributes = {
				LastUpgradeCheck = 0610;
				ORGANIZATIONNAME = "Oscar Razo";
				TargetAttributes = {
					B1101EF71A20DD8F00BE81FB = {
						CreatedOnToolsVersion = 6.1;
					};
					B1101F101A20DD9000BE81FB = {
						CreatedOnToolsVersion = 6.1;
						TestTargetID = B1101EF71A20DD8F00BE81FB;
					};
				};
			};
			buildConfigurationList = B1101EF31A20DD8F00BE81FB /* Build configuration list for PBXProject "CONEBU Mobile App" */;
			compatibilityVersion = "Xcode 3.2";
			developmentRegion = English;
			hasScannedForEncodings = 0;
			knownRegions = (
				en,
				Base,
			);
			mainGroup = B1101EEF1A20DD8F00BE81FB;
			productRefGroup = B1101EF91A20DD8F00BE81FB /* Products */;
			projectDirPath = "";
			projectRoot = "";
			targets = (
				B1101EF71A20DD8F00BE81FB /* CONEBU Mobile App */,
				B1101F101A20DD9000BE81FB /* CONEBU Mobile AppTests */,
			);
		};
/* End PBXProject section */

/* Begin PBXResourcesBuildPhase section */
		B1101EF61A20DD8F00BE81FB /* Resources */ = {
			isa = PBXResourcesBuildPhase;
			buildActionMask = 2147483647;
			files = (
				B1101F071A20DD8F00BE81FB /* Main.storyboard in Resources */,
				B1101F0C1A20DD8F00BE81FB /* LaunchScreen.xib in Resources */,
				B1101F241A20E62100BE81FB /* Logo.png in Resources */,
				B1101F091A20DD8F00BE81FB /* Images.xcassets in Resources */,
				B1101F221A20DF9E00BE81FB /* sello.png in Resources */,
			);
			runOnlyForDeploymentPostprocessing = 0;
		};
		B1101F0F1A20DD9000BE81FB /* Resources */ = {
			isa = PBXResourcesBuildPhase;
			buildActionMask = 2147483647;
			files = (
			);
			runOnlyForDeploymentPostprocessing = 0;
		};
/* End PBXResourcesBuildPhase section */

/* Begin PBXSourcesBuildPhase section */
		B1101EF41A20DD8F00BE81FB /* Sources */ = {
			isa = PBXSourcesBuildPhase;
			buildActionMask = 2147483647;
			files = (
				EB57CB3B1A2CF6EA0065E98C /* Horarios_View_Controller.m in Sources */,
				EB57CB301A2CC0AE0065E98C /* PrincipalMenu_ViewController.m in Sources */,
				EB3436A91A2BC67400EE3427 /* Login_ViewController.m in Sources */,
				EB57CB351A2CF4390065E98C /* Horarios.m in Sources */,
				EB55E9FE1A2AE91300A9F67C /* HomeModel.m in Sources */,
				B1101F011A20DD8F00BE81FB /* AppDelegate.m in Sources */,
				EB57CB381A2CF4970065E98C /* HomeModelH.m in Sources */,
				B1101EFE1A20DD8F00BE81FB /* main.m in Sources */,
				EB55EA011A2AED5200A9F67C /* Grupos_VIew_Controller.m in Sources */,
				EB55E9FB1A2AD5F800A9F67C /* Grupos.m in Sources */,
				EB3436A11A2B81B600EE3427 /* Detail_Grupo_View_Controller.m in Sources */,
			);
			runOnlyForDeploymentPostprocessing = 0;
		};
		B1101F0D1A20DD9000BE81FB /* Sources */ = {
			isa = PBXSourcesBuildPhase;
			buildActionMask = 2147483647;
			files = (
				B1101F181A20DD9000BE81FB /* CONEBU_Mobile_AppTests.m in Sources */,
			);
			runOnlyForDeploymentPostprocessing = 0;
		};
/* End PBXSourcesBuildPhase section */

/* Begin PBXTargetDependency section */
		B1101F131A20DD9000BE81FB /* PBXTargetDependency */ = {
			isa = PBXTargetDependency;
			target = B1101EF71A20DD8F00BE81FB /* CONEBU Mobile App */;
			targetProxy = B1101F121A20DD9000BE81FB /* PBXContainerItemProxy */;
		};
/* End PBXTargetDependency section */

/* Begin PBXVariantGroup section */
		B1101F051A20DD8F00BE81FB /* Main.storyboard */ = {
			isa = PBXVariantGroup;
			children = (
				B1101F061A20DD8F00BE81FB /* Base */,
			);
			name = Main.storyboard;
			sourceTree = "<group>";
		};
		B1101F0A1A20DD8F00BE81FB /* LaunchScreen.xib */ = {
			isa = PBXVariantGroup;
			children = (
				B1101F0B1A20DD8F00BE81FB /* Base */,
			);
			name = LaunchScreen.xib;
			sourceTree = "<group>";
		};
/* End PBXVariantGroup section */

/* Begin XCBuildConfiguration section */
		B1101F191A20DD9000BE81FB /* Debug */ = {
			isa = XCBuildConfiguration;
			buildSettings = {
				ALWAYS_SEARCH_USER_PATHS = NO;
				CLANG_CXX_LANGUAGE_STANDARD = "gnu++0x";
				CLANG_CXX_LIBRARY = "libc++";
				CLANG_ENABLE_MODULES = YES;
				CLANG_ENABLE_OBJC_ARC = YES;
				CLANG_WARN_BOOL_CONVERSION = YES;
				CLANG_WARN_CONSTANT_CONVERSION = YES;
				CLANG_WARN_DIRECT_OBJC_ISA_USAGE = YES_ERROR;
				CLANG_WARN_EMPTY_BODY = YES;
				CLANG_WARN_ENUM_CONVERSION = YES;
				CLANG_WARN_INT_CONVERSION = YES;
				CLANG_WARN_OBJC_ROOT_CLASS = YES_ERROR;
				CLANG_WARN_UNREACHABLE_CODE = YES;
				CLANG_WARN__DUPLICATE_METHOD_MATCH = YES;
				"CODE_SIGN_IDENTITY[sdk=iphoneos*]" = "iPhone Developer";
				COPY_PHASE_STRIP = NO;
				ENABLE_STRICT_OBJC_MSGSEND = YES;
				GCC_C_LANGUAGE_STANDARD = gnu99;
				GCC_DYNAMIC_NO_PIC = NO;
				GCC_OPTIMIZATION_LEVEL = 0;
				GCC_PREPROCESSOR_DEFINITIONS = (
					"DEBUG=1",
					"$(inherited)",
				);
				GCC_SYMBOLS_PRIVATE_EXTERN = NO;
				GCC_WARN_64_TO_32_BIT_CONVERSION = YES;
				GCC_WARN_ABOUT_RETURN_TYPE = YES_ERROR;
				GCC_WARN_UNDECLARED_SELECTOR = YES;
				GCC_WARN_UNINITIALIZED_AUTOS = YES_AGGRESSIVE;
				GCC_WARN_UNUSED_FUNCTION = YES;
				GCC_WARN_UNUSED_VARIABLE = YES;
				IPHONEOS_DEPLOYMENT_TARGET = 8.1;
				MTL_ENABLE_DEBUG_INFO = YES;
				ONLY_ACTIVE_ARCH = YES;
				SDKROOT = iphoneos;
			};
			name = Debug;
		};
		B1101F1A1A20DD9000BE81FB /* Release */ = {
			isa = XCBuildConfiguration;
			buildSettings = {
				ALWAYS_SEARCH_USER_PATHS = NO;
				CLANG_CXX_LANGUAGE_STANDARD = "gnu++0x";
				CLANG_CXX_LIBRARY = "libc++";
				CLANG_ENABLE_MODULES = YES;
				CLANG_ENABLE_OBJC_ARC = YES;
				CLANG_WARN_BOOL_CONVERSION = YES;
				CLANG_WARN_CONSTANT_CONVERSION = YES;
				CLANG_WARN_DIRECT_OBJC_ISA_USAGE = YES_ERROR;
				CLANG_WARN_EMPTY_BODY = YES;
				CLANG_WARN_ENUM_CONVERSION = YES;
				CLANG_WARN_INT_CONVERSION = YES;
				CLANG_WARN_OBJC_ROOT_CLASS = YES_ERROR;
				CLANG_WARN_UNREACHABLE_CODE = YES;
				CLANG_WARN__DUPLICATE_METHOD_MATCH = YES;
				"CODE_SIGN_IDENTITY[sdk=iphoneos*]" = "iPhone Developer";
				COPY_PHASE_STRIP = YES;
				ENABLE_NS_ASSERTIONS = NO;
				ENABLE_STRICT_OBJC_MSGSEND = YES;
				GCC_C_LANGUAGE_STANDARD = gnu99;
				GCC_WARN_64_TO_32_BIT_CONVERSION = YES;
				GCC_WARN_ABOUT_RETURN_TYPE = YES_ERROR;
				GCC_WARN_UNDECLARED_SELECTOR = YES;
				GCC_WARN_UNINITIALIZED_AUTOS = YES_AGGRESSIVE;
				GCC_WARN_UNUSED_FUNCTION = YES;
				GCC_WARN_UNUSED_VARIABLE = YES;
				IPHONEOS_DEPLOYMENT_TARGET = 8.1;
				MTL_ENABLE_DEBUG_INFO = NO;
				SDKROOT = iphoneos;
				VALIDATE_PRODUCT = YES;
			};
			name = Release;
		};
		B1101F1C1A20DD9000BE81FB /* Debug */ = {
			isa = XCBuildConfiguration;
			buildSettings = {
				ASSETCATALOG_COMPILER_APPICON_NAME = AppIcon;
				CLANG_X86_VECTOR_INSTRUCTIONS = default;
				INFOPLIST_FILE = "CONEBU Mobile App/Info.plist";
				LD_RUNPATH_SEARCH_PATHS = "$(inherited) @executable_path/Frameworks";
				PRODUCT_NAME = "$(TARGET_NAME)";
			};
			name = Debug;
		};
		B1101F1D1A20DD9000BE81FB /* Release */ = {
			isa = XCBuildConfiguration;
			buildSettings = {
				ASSETCATALOG_COMPILER_APPICON_NAME = AppIcon;
				CLANG_X86_VECTOR_INSTRUCTIONS = default;
				INFOPLIST_FILE = "CONEBU Mobile App/Info.plist";
				LD_RUNPATH_SEARCH_PATHS = "$(inherited) @executable_path/Frameworks";
				PRODUCT_NAME = "$(TARGET_NAME)";
			};
			name = Release;
		};
		B1101F1F1A20DD9000BE81FB /* Debug */ = {
			isa = XCBuildConfiguration;
			buildSettings = {
				BUNDLE_LOADER = "$(TEST_HOST)";
				FRAMEWORK_SEARCH_PATHS = (
					"$(SDKROOT)/Developer/Library/Frameworks",
					"$(inherited)",
				);
				GCC_PREPROCESSOR_DEFINITIONS = (
					"DEBUG=1",
					"$(inherited)",
				);
				INFOPLIST_FILE = "CONEBU Mobile AppTests/Info.plist";
				LD_RUNPATH_SEARCH_PATHS = "$(inherited) @executable_path/Frameworks @loader_path/Frameworks";
				PRODUCT_NAME = "$(TARGET_NAME)";
				TEST_HOST = "$(BUILT_PRODUCTS_DIR)/CONEBU Mobile App.app/CONEBU Mobile App";
			};
			name = Debug;
		};
		B1101F201A20DD9000BE81FB /* Release */ = {
			isa = XCBuildConfiguration;
			buildSettings = {
				BUNDLE_LOADER = "$(TEST_HOST)";
				FRAMEWORK_SEARCH_PATHS = (
					"$(SDKROOT)/Developer/Library/Frameworks",
					"$(inherited)",
				);
				INFOPLIST_FILE = "CONEBU Mobile AppTests/Info.plist";
				LD_RUNPATH_SEARCH_PATHS = "$(inherited) @executable_path/Frameworks @loader_path/Frameworks";
				PRODUCT_NAME = "$(TARGET_NAME)";
				TEST_HOST = "$(BUILT_PRODUCTS_DIR)/CONEBU Mobile App.app/CONEBU Mobile App";
			};
			name = Release;
		};
/* End XCBuildConfiguration section */

/* Begin XCConfigurationList section */
		B1101EF31A20DD8F00BE81FB /* Build configuration list for PBXProject "CONEBU Mobile App" */ = {
			isa = XCConfigurationList;
			buildConfigurations = (
				B1101F191A20DD9000BE81FB /* Debug */,
				B1101F1A1A20DD9000BE81FB /* Release */,
			);
			defaultConfigurationIsVisible = 0;
			defaultConfigurationName = Release;
		};
		B1101F1B1A20DD9000BE81FB /* Build configuration list for PBXNativeTarget "CONEBU Mobile App" */ = {
			isa = XCConfigurationList;
			buildConfigurations = (
				B1101F1C1A20DD9000BE81FB /* Debug */,
				B1101F1D1A20DD9000BE81FB /* Release */,
			);
			defaultConfigurationIsVisible = 0;
			defaultConfigurationName = Release;
		};
		B1101F1E1A20DD9000BE81FB /* Build configuration list for PBXNativeTarget "CONEBU Mobile AppTests" */ = {
			isa = XCConfigurationList;
			buildConfigurations = (
				B1101F1F1A20DD9000BE81FB /* Debug */,
				B1101F201A20DD9000BE81FB /* Release */,
			);
			defaultConfigurationIsVisible = 0;
			defaultConfigurationName = Release;
		};
/* End XCConfigurationList section */
	};
	rootObject = B1101EF01A20DD8F00BE81FB /* Project object */;
}
